Microsoft Visual Studio Solution File, Format Version 12.00
# Visual Studio Version 17
VisualStudioVersion = 17.7.34221.43
MinimumVisualStudioVersion = 10.0.40219.1
Project("{9A19103F-16F7-4668-BE54-9A1E7A4F7556}") = "PictureExchangerAPI.Presentation", "PictureExchangerAPI.Presentation\PictureExchangerAPI.Presentation.csproj", "{190F9BA3-6F22-4760-BBA3-9B53F38F3EF8}"
EndProject
Project("{FAE04EC0-301F-11D3-BF4B-00C04F79EFBC}") = "PictureExchangerAPI.Service", "PictureExchangerAPI.Service\PictureExchangerAPI.Service.csproj", "{0924FDC0-E8E1-45BF-8619-084A0E096B88}"
EndProject
Project("{FAE04EC0-301F-11D3-BF4B-00C04F79EFBC}") = "PictureExchangerAPI.Domain", "PictureExchangerAPI.Domain\PictureExchangerAPI.Domain.csproj", "{F1FDD080-629A-410D-BF4C-5F68EB7BAACD}"
EndProject
Project("{FAE04EC0-301F-11D3-BF4B-00C04F79EFBC}") = "PictureExchangerAPI.Persistence", "PictureExchangerAPI.Persistence\PictureExchangerAPI.Persistence.csproj", "{92DE6065-B6F7-4B88-94EF-868FA16A61E3}"
EndProject
Global
	GlobalSection(SolutionConfigurationPlatforms) = preSolution
		Debug|Any CPU = Debug|Any CPU
		Release|Any CPU = Release|Any CPU
	EndGlobalSection
	GlobalSection(ProjectConfigurationPlatforms) = postSolution
		{190F9BA3-6F22-4760-BBA3-9B53F38F3EF8}.Debug|Any CPU.ActiveCfg = Debug|Any CPU
		{190F9BA3-6F22-4760-BBA3-9B53F38F3EF8}.Debug|Any CPU.Build.0 = Debug|Any CPU
		{190F9BA3-6F22-4760-BBA3-9B53F38F3EF8}.Release|Any CPU.ActiveCfg = Release|Any CPU
		{190F9BA3-6F22-4760-BBA3-9B53F38F3EF8}.Release|Any CPU.Build.0 = Release|Any CPU
		{0924FDC0-E8E1-45BF-8619-084A0E096B88}.Debug|Any CPU.ActiveCfg = Debug|Any CPU
		{0924FDC0-E8E1-45BF-8619-084A0E096B88}.Debug|Any CPU.Build.0 = Debug|Any CPU
		{0924FDC0-E8E1-45BF-8619-084A0E096B88}.Release|Any CPU.ActiveCfg = Release|Any CPU
		{0924FDC0-E8E1-45BF-8619-084A0E096B88}.Release|Any CPU.Build.0 = Release|Any CPU
		{F1FDD080-629A-410D-BF4C-5F68EB7BAACD}.Debug|Any CPU.ActiveCfg = Debug|Any CPU
		{F1FDD080-629A-410D-BF4C-5F68EB7BAACD}.Debug|Any CPU.Build.0 = Debug|Any CPU
		{F1FDD080-629A-410D-BF4C-5F68EB7BAACD}.Release|Any CPU.ActiveCfg = Release|Any CPU
		{F1FDD080-629A-410D-BF4C-5F68EB7BAACD}.Release|Any CPU.Build.0 = Release|Any CPU
		{92DE6065-B6F7-4B88-94EF-868FA16A61E3}.Debug|Any CPU.ActiveCfg = Debug|Any CPU
		{92DE6065-B6F7-4B88-94EF-868FA16A61E3}.Debug|Any CPU.Build.0 = Debug|Any CPU
		{92DE6065-B6F7-4B88-94EF-868FA16A61E3}.Release|Any CPU.ActiveCfg = Release|Any CPU
		{92DE6065-B6F7-4B88-94EF-868FA16A61E3}.Release|Any CPU.Build.0 = Release|Any CPU
	EndGlobalSection
	GlobalSection(SolutionProperties) = preSolution
		HideSolutionNode = FALSE
	EndGlobalSection
	GlobalSection(ExtensibilityGlobals) = postSolution
		SolutionGuid = {15AF2C8E-354A-4469-B4F5-E0799D7E4080}
	EndGlobalSection
EndGlobal
